
Microsoft Visual Studio Solution File, Format Version 12.00
# Visual Studio Version 17
VisualStudioVersion = 17.3.32825.248
MinimumVisualStudioVersion = 10.0.40219.1
Project("{FAE04EC0-301F-11D3-BF4B-00C04F79EFBC}") = "Tuldok.ToyRobot.Cli", "Tuldok.ToyRobot.Cli\Tuldok.ToyRobot.Cli.csproj", "{155964D4-9C7A-4388-8EF1-1FE93AE5EAA8}"
EndProject
Project("{FAE04EC0-301F-11D3-BF4B-00C04F79EFBC}") = "Tuldok.ToyRobot.Lib", "Tuldok.ToyRobot.Lib\Tuldok.ToyRobot.Lib.csproj", "{840BECA4-EC09-42E1-AA03-A8ED98476341}"
EndProject
Project("{FAE04EC0-301F-11D3-BF4B-00C04F79EFBC}") = "Tuldok.ToyRobot.Test", "Tuldok.ToyRobot.Test\Tuldok.ToyRobot.Test.csproj", "{369BDE53-4F9A-42CA-B0FE-BEDAE06D2AC6}"
EndProject
Global
	GlobalSection(SolutionConfigurationPlatforms) = preSolution
		Debug|Any CPU = Debug|Any CPU
		Release|Any CPU = Release|Any CPU
	EndGlobalSection
	GlobalSection(ProjectConfigurationPlatforms) = postSolution
		{155964D4-9C7A-4388-8EF1-1FE93AE5EAA8}.Debug|Any CPU.ActiveCfg = Debug|Any CPU
		{155964D4-9C7A-4388-8EF1-1FE93AE5EAA8}.Debug|Any CPU.Build.0 = Debug|Any CPU
		{155964D4-9C7A-4388-8EF1-1FE93AE5EAA8}.Release|Any CPU.ActiveCfg = Release|Any CPU
		{155964D4-9C7A-4388-8EF1-1FE93AE5EAA8}.Release|Any CPU.Build.0 = Release|Any CPU
		{840BECA4-EC09-42E1-AA03-A8ED98476341}.Debug|Any CPU.ActiveCfg = Debug|Any CPU
		{840BECA4-EC09-42E1-AA03-A8ED98476341}.Debug|Any CPU.Build.0 = Debug|Any CPU
		{840BECA4-EC09-42E1-AA03-A8ED98476341}.Release|Any CPU.ActiveCfg = Release|Any CPU
		{840BECA4-EC09-42E1-AA03-A8ED98476341}.Release|Any CPU.Build.0 = Release|Any CPU
		{369BDE53-4F9A-42CA-B0FE-BEDAE06D2AC6}.Debug|Any CPU.ActiveCfg = Debug|Any CPU
		{369BDE53-4F9A-42CA-B0FE-BEDAE06D2AC6}.Debug|Any CPU.Build.0 = Debug|Any CPU
		{369BDE53-4F9A-42CA-B0FE-BEDAE06D2AC6}.Release|Any CPU.ActiveCfg = Release|Any CPU
		{369BDE53-4F9A-42CA-B0FE-BEDAE06D2AC6}.Release|Any CPU.Build.0 = Release|Any CPU
	EndGlobalSection
	GlobalSection(SolutionProperties) = preSolution
		HideSolutionNode = FALSE
	EndGlobalSection
	GlobalSection(ExtensibilityGlobals) = postSolution
		SolutionGuid = {E3138775-A5F1-421D-9BE8-351DBF256233}
	EndGlobalSection
EndGlobal
